// !$*UTF8*$!
{
	archiveVersion = 1;
	classes = {
	};
	objectVersion = 46;
	objects = {

/* Begin PBXBuildFile section */
		27615791B7C0EB1408E99912 /* libPods-Yamaha RX-Controller for MAC.a in Frameworks */ = {isa = PBXBuildFile; fileRef = 218E9F6560C9E0FD11906008 /* libPods-Yamaha RX-Controller for MAC.a */; };
		BFCF10231E4B3A2E005555F9 /* AppDelegate.m in Sources */ = {isa = PBXBuildFile; fileRef = BFCF10221E4B3A2E005555F9 /* AppDelegate.m */; };
		BFCF10261E4B3A2E005555F9 /* main.m in Sources */ = {isa = PBXBuildFile; fileRef = BFCF10251E4B3A2E005555F9 /* main.m */; };
		BFCF10291E4B3A2E005555F9 /* ViewController.m in Sources */ = {isa = PBXBuildFile; fileRef = BFCF10281E4B3A2E005555F9 /* ViewController.m */; };
		BFCF102B1E4B3A2E005555F9 /* Assets.xcassets in Resources */ = {isa = PBXBuildFile; fileRef = BFCF102A1E4B3A2E005555F9 /* Assets.xcassets */; };
		BFCF102E1E4B3A2E005555F9 /* Main.storyboard in Resources */ = {isa = PBXBuildFile; fileRef = BFCF102C1E4B3A2E005555F9 /* Main.storyboard */; };
		BFCF10371E4B3E4C005555F9 /* CommunicationController.m in Sources */ = {isa = PBXBuildFile; fileRef = BFCF10361E4B3E4C005555F9 /* CommunicationController.m */; };
		BFE2F2AD1E4B9DEF001F7437 /* StatusBarMenu.m in Sources */ = {isa = PBXBuildFile; fileRef = BFE2F2AC1E4B9DEF001F7437 /* StatusBarMenu.m */; };
		BFE6E0381E4B7AC000090B12 /* XMLReader.m in Sources */ = {isa = PBXBuildFile; fileRef = BFE6E0371E4B7AC000090B12 /* XMLReader.m */; };
		BFFB1E691E4C75AB009EADC9 /* Podfile in Resources */ = {isa = PBXBuildFile; fileRef = BFFB1E681E4C75AB009EADC9 /* Podfile */; };
/* End PBXBuildFile section */

/* Begin PBXFileReference section */
		218E9F6560C9E0FD11906008 /* libPods-Yamaha RX-Controller for MAC.a */ = {isa = PBXFileReference; explicitFileType = archive.ar; includeInIndex = 0; path = "libPods-Yamaha RX-Controller for MAC.a"; sourceTree = BUILT_PRODUCTS_DIR; };
		ACFD4836EAAC549105506562 /* Pods-Yamaha RX-Controller for MAC.debug.xcconfig */ = {isa = PBXFileReference; includeInIndex = 1; lastKnownFileType = text.xcconfig; name = "Pods-Yamaha RX-Controller for MAC.debug.xcconfig"; path = "Pods/Target Support Files/Pods-Yamaha RX-Controller for MAC/Pods-Yamaha RX-Controller for MAC.debug.xcconfig"; sourceTree = "<group>"; };
		BFCF101E1E4B3A2E005555F9 /* Yamaha RX-Controller for MAC.app */ = {isa = PBXFileReference; explicitFileType = wrapper.application; includeInIndex = 0; path = "Yamaha RX-Controller for MAC.app"; sourceTree = BUILT_PRODUCTS_DIR; };
		BFCF10211E4B3A2E005555F9 /* AppDelegate.h */ = {isa = PBXFileReference; lastKnownFileType = sourcecode.c.h; path = AppDelegate.h; sourceTree = "<group>"; };
		BFCF10221E4B3A2E005555F9 /* AppDelegate.m */ = {isa = PBXFileReference; lastKnownFileType = sourcecode.c.objc; path = AppDelegate.m; sourceTree = "<group>"; };
		BFCF10251E4B3A2E005555F9 /* main.m */ = {isa = PBXFileReference; lastKnownFileType = sourcecode.c.objc; path = main.m; sourceTree = "<group>"; };
		BFCF10271E4B3A2E005555F9 /* ViewController.h */ = {isa = PBXFileReference; lastKnownFileType = sourcecode.c.h; path = ViewController.h; sourceTree = "<group>"; };
		BFCF10281E4B3A2E005555F9 /* ViewController.m */ = {isa = PBXFileReference; lastKnownFileType = sourcecode.c.objc; path = ViewController.m; sourceTree = "<group>"; };
		BFCF102A1E4B3A2E005555F9 /* Assets.xcassets */ = {isa = PBXFileReference; lastKnownFileType = folder.assetcatalog; path = Assets.xcassets; sourceTree = "<group>"; };
		BFCF102D1E4B3A2E005555F9 /* Base */ = {isa = PBXFileReference; lastKnownFileType = file.storyboard; name = Base; path = Base.lproj/Main.storyboard; sourceTree = "<group>"; };
		BFCF102F1E4B3A2E005555F9 /* Info.plist */ = {isa = PBXFileReference; lastKnownFileType = text.plist.xml; path = Info.plist; sourceTree = "<group>"; };
		BFCF10351E4B3E4C005555F9 /* CommunicationController.h */ = {isa = PBXFileReference; fileEncoding = 4; lastKnownFileType = sourcecode.c.h; path = CommunicationController.h; sourceTree = "<group>"; };
		BFCF10361E4B3E4C005555F9 /* CommunicationController.m */ = {isa = PBXFileReference; fileEncoding = 4; lastKnownFileType = sourcecode.c.objc; path = CommunicationController.m; sourceTree = "<group>"; };
		BFDB9FC21E4B4FF100781EA2 /* Yamaha RX-Controller for MAC.entitlements */ = {isa = PBXFileReference; lastKnownFileType = text.plist.entitlements; path = "Yamaha RX-Controller for MAC.entitlements"; sourceTree = "<group>"; };
		BFE2F2AB1E4B9DEF001F7437 /* StatusBarMenu.h */ = {isa = PBXFileReference; fileEncoding = 4; lastKnownFileType = sourcecode.c.h; path = StatusBarMenu.h; sourceTree = "<group>"; };
		BFE2F2AC1E4B9DEF001F7437 /* StatusBarMenu.m */ = {isa = PBXFileReference; fileEncoding = 4; lastKnownFileType = sourcecode.c.objc; path = StatusBarMenu.m; sourceTree = "<group>"; };
		BFE6E0361E4B7AC000090B12 /* XMLReader.h */ = {isa = PBXFileReference; fileEncoding = 4; lastKnownFileType = sourcecode.c.h; path = XMLReader.h; sourceTree = "<group>"; };
		BFE6E0371E4B7AC000090B12 /* XMLReader.m */ = {isa = PBXFileReference; fileEncoding = 4; lastKnownFileType = sourcecode.c.objc; path = XMLReader.m; sourceTree = "<group>"; };
		BFFB1E681E4C75AB009EADC9 /* Podfile */ = {isa = PBXFileReference; fileEncoding = 4; lastKnownFileType = text; path = Podfile; sourceTree = "<group>"; };
		DBE17B88F96579F31D92B07D /* Pods-Yamaha RX-Controller for MAC.release.xcconfig */ = {isa = PBXFileReference; includeInIndex = 1; lastKnownFileType = text.xcconfig; name = "Pods-Yamaha RX-Controller for MAC.release.xcconfig"; path = "Pods/Target Support Files/Pods-Yamaha RX-Controller for MAC/Pods-Yamaha RX-Controller for MAC.release.xcconfig"; sourceTree = "<group>"; };
/* End PBXFileReference section */

/* Begin PBXFrameworksBuildPhase section */
		BFCF101B1E4B3A2D005555F9 /* Frameworks */ = {
			isa = PBXFrameworksBuildPhase;
			buildActionMask = 2147483647;
			files = (
				27615791B7C0EB1408E99912 /* libPods-Yamaha RX-Controller for MAC.a in Frameworks */,
			);
			runOnlyForDeploymentPostprocessing = 0;
		};
/* End PBXFrameworksBuildPhase section */

/* Begin PBXGroup section */
		1DDF69E169DA5FBC86A60709 /* Frameworks */ = {
			isa = PBXGroup;
			children = (
				218E9F6560C9E0FD11906008 /* libPods-Yamaha RX-Controller for MAC.a */,
			);
			name = Frameworks;
			sourceTree = "<group>";
		};
		24A787295A1DDBF2EE72E9C3 /* Pods */ = {
			isa = PBXGroup;
			children = (
				ACFD4836EAAC549105506562 /* Pods-Yamaha RX-Controller for MAC.debug.xcconfig */,
				DBE17B88F96579F31D92B07D /* Pods-Yamaha RX-Controller for MAC.release.xcconfig */,
			);
			name = Pods;
			sourceTree = "<group>";
		};
		BFCF10151E4B3A2D005555F9 = {
			isa = PBXGroup;
			children = (
				BFFB1E681E4C75AB009EADC9 /* Podfile */,
				BFCF10201E4B3A2E005555F9 /* Yamaha RX-Controller for MAC */,
				BFCF101F1E4B3A2E005555F9 /* Products */,
				24A787295A1DDBF2EE72E9C3 /* Pods */,
				1DDF69E169DA5FBC86A60709 /* Frameworks */,
			);
			sourceTree = "<group>";
		};
		BFCF101F1E4B3A2E005555F9 /* Products */ = {
			isa = PBXGroup;
			children = (
				BFCF101E1E4B3A2E005555F9 /* Yamaha RX-Controller for MAC.app */,
			);
			name = Products;
			sourceTree = "<group>";
		};
		BFCF10201E4B3A2E005555F9 /* Yamaha RX-Controller for MAC */ = {
			isa = PBXGroup;
			children = (
				BFDB9FC21E4B4FF100781EA2 /* Yamaha RX-Controller for MAC.entitlements */,
				BFCF10211E4B3A2E005555F9 /* AppDelegate.h */,
				BFCF10221E4B3A2E005555F9 /* AppDelegate.m */,
				BFCF10351E4B3E4C005555F9 /* CommunicationController.h */,
				BFCF10361E4B3E4C005555F9 /* CommunicationController.m */,
				BFE2F2AB1E4B9DEF001F7437 /* StatusBarMenu.h */,
				BFE2F2AC1E4B9DEF001F7437 /* StatusBarMenu.m */,
				BFCF102A1E4B3A2E005555F9 /* Assets.xcassets */,
				BFCF102C1E4B3A2E005555F9 /* Main.storyboard */,
				BFCF102F1E4B3A2E005555F9 /* Info.plist */,
				BFE6E0361E4B7AC000090B12 /* XMLReader.h */,
				BFE6E0371E4B7AC000090B12 /* XMLReader.m */,
				BFCF10271E4B3A2E005555F9 /* ViewController.h */,
				BFCF10281E4B3A2E005555F9 /* ViewController.m */,
				BFCF10241E4B3A2E005555F9 /* Supporting Files */,
			);
			path = "Yamaha RX-Controller for MAC";
			sourceTree = "<group>";
		};
		BFCF10241E4B3A2E005555F9 /* Supporting Files */ = {
			isa = PBXGroup;
			children = (
				BFCF10251E4B3A2E005555F9 /* main.m */,
			);
			name = "Supporting Files";
			sourceTree = "<group>";
		};
/* End PBXGroup section */

/* Begin PBXNativeTarget section */
		BFCF101D1E4B3A2D005555F9 /* Yamaha RX-Controller for MAC */ = {
			isa = PBXNativeTarget;
			buildConfigurationList = BFCF10321E4B3A2E005555F9 /* Build configuration list for PBXNativeTarget "Yamaha RX-Controller for MAC" */;
			buildPhases = (
				B743521A550169CF189A6A6D /* [CP] Check Pods Manifest.lock */,
				BFCF101A1E4B3A2D005555F9 /* Sources */,
				BFCF101B1E4B3A2D005555F9 /* Frameworks */,
				BFCF101C1E4B3A2D005555F9 /* Resources */,
				9F278A863A82120B6FF0C0A0 /* [CP] Embed Pods Frameworks */,
				855755FA522518B47E17C8AE /* [CP] Copy Pods Resources */,
			);
			buildRules = (
			);
			dependencies = (
			);
			name = "Yamaha RX-Controller for MAC";
			productName = "Yamaha RX-Controller for MAC";
			productReference = BFCF101E1E4B3A2E005555F9 /* Yamaha RX-Controller for MAC.app */;
			productType = "com.apple.product-type.application";
		};
/* End PBXNativeTarget section */

/* Begin PBXProject section */
		BFCF10161E4B3A2D005555F9 /* Project object */ = {
			isa = PBXProject;
			attributes = {
				LastUpgradeCheck = 0820;
				ORGANIZATIONNAME = "Sven Schiffer";
				TargetAttributes = {
					BFCF101D1E4B3A2D005555F9 = {
						CreatedOnToolsVersion = 8.2.1;
						DevelopmentTeam = N2F7XG7N58;
						ProvisioningStyle = Automatic;
						SystemCapabilities = {
							com.apple.Sandbox = {
								enabled = 0;
							};
						};
					};
				};
			};
			buildConfigurationList = BFCF10191E4B3A2D005555F9 /* Build configuration list for PBXProject "Yamaha RX-Controller for MAC" */;
			compatibilityVersion = "Xcode 3.2";
			developmentRegion = English;
			hasScannedForEncodings = 0;
			knownRegions = (
				en,
				Base,
			);
			mainGroup = BFCF10151E4B3A2D005555F9;
			productRefGroup = BFCF101F1E4B3A2E005555F9 /* Products */;
			projectDirPath = "";
			projectRoot = "";
			targets = (
				BFCF101D1E4B3A2D005555F9 /* Yamaha RX-Controller for MAC */,
			);
		};
/* End PBXProject section */

/* Begin PBXResourcesBuildPhase section */
		BFCF101C1E4B3A2D005555F9 /* Resources */ = {
			isa = PBXResourcesBuildPhase;
			buildActionMask = 2147483647;
			files = (
				BFCF102B1E4B3A2E005555F9 /* Assets.xcassets in Resources */,
				BFCF102E1E4B3A2E005555F9 /* Main.storyboard in Resources */,
				BFFB1E691E4C75AB009EADC9 /* Podfile in Resources */,
			);
			runOnlyForDeploymentPostprocessing = 0;
		};
/* End PBXResourcesBuildPhase section */

/* Begin PBXShellScriptBuildPhase section */
		855755FA522518B47E17C8AE /* [CP] Copy Pods Resources */ = {
			isa = PBXShellScriptBuildPhase;
			buildActionMask = 2147483647;
			files = (
			);
			inputPaths = (
			);
			name = "[CP] Copy Pods Resources";
			outputPaths = (
			);
			runOnlyForDeploymentPostprocessing = 0;
			shellPath = /bin/sh;
			shellScript = "\"${SRCROOT}/Pods/Target Support Files/Pods-Yamaha RX-Controller for MAC/Pods-Yamaha RX-Controller for MAC-resources.sh\"\n";
			showEnvVarsInLog = 0;
		};
		9F278A863A82120B6FF0C0A0 /* [CP] Embed Pods Frameworks */ = {
			isa = PBXShellScriptBuildPhase;
			buildActionMask = 2147483647;
			files = (
			);
			inputPaths = (
			);
			name = "[CP] Embed Pods Frameworks";
			outputPaths = (
			);
			runOnlyForDeploymentPostprocessing = 0;
			shellPath = /bin/sh;
			shellScript = "\"${SRCROOT}/Pods/Target Support Files/Pods-Yamaha RX-Controller for MAC/Pods-Yamaha RX-Controller for MAC-frameworks.sh\"\n";
			showEnvVarsInLog = 0;
		};
		B743521A550169CF189A6A6D /* [CP] Check Pods Manifest.lock */ = {
			isa = PBXShellScriptBuildPhase;
			buildActionMask = 2147483647;
			files = (
			);
			inputPaths = (
			);
			name = "[CP] Check Pods Manifest.lock";
			outputPaths = (
			);
			runOnlyForDeploymentPostprocessing = 0;
			shellPath = /bin/sh;
			shellScript = "diff \"${PODS_ROOT}/../Podfile.lock\" \"${PODS_ROOT}/Manifest.lock\" > /dev/null\nif [ $? != 0 ] ; then\n    # print error to STDERR\n    echo \"error: The sandbox is not in sync with the Podfile.lock. Run 'pod install' or update your CocoaPods installation.\" >&2\n    exit 1\nfi\n";
			showEnvVarsInLog = 0;
		};
/* End PBXShellScriptBuildPhase section */

/* Begin PBXSourcesBuildPhase section */
		BFCF101A1E4B3A2D005555F9 /* Sources */ = {
			isa = PBXSourcesBuildPhase;
			buildActionMask = 2147483647;
			files = (
				BFE2F2AD1E4B9DEF001F7437 /* StatusBarMenu.m in Sources */,
				BFCF10291E4B3A2E005555F9 /* ViewController.m in Sources */,
				BFCF10261E4B3A2E005555F9 /* main.m in Sources */,
				BFCF10371E4B3E4C005555F9 /* CommunicationController.m in Sources */,
				BFE6E0381E4B7AC000090B12 /* XMLReader.m in Sources */,
				BFCF10231E4B3A2E005555F9 /* AppDelegate.m in Sources */,
			);
			runOnlyForDeploymentPostprocessing = 0;
		};
/* End PBXSourcesBuildPhase section */

/* Begin PBXVariantGroup section */
		BFCF102C1E4B3A2E005555F9 /* Main.storyboard */ = {
			isa = PBXVariantGroup;
			children = (
				BFCF102D1E4B3A2E005555F9 /* Base */,
			);
			name = Main.storyboard;
			sourceTree = "<group>";
		};
/* End PBXVariantGroup section */

/* Begin XCBuildConfiguration section */
		BFCF10301E4B3A2E005555F9 /* Debug */ = {
			isa = XCBuildConfiguration;
			buildSettings = {
				ALWAYS_SEARCH_USER_PATHS = NO;
				CLANG_ANALYZER_NONNULL = YES;
				CLANG_CXX_LANGUAGE_STANDARD = "gnu++0x";
				CLANG_CXX_LIBRARY = "libc++";
				CLANG_ENABLE_MODULES = YES;
				CLANG_ENABLE_OBJC_ARC = YES;
				CLANG_WARN_BOOL_CONVERSION = YES;
				CLANG_WARN_CONSTANT_CONVERSION = YES;
				CLANG_WARN_DIRECT_OBJC_ISA_USAGE = YES_ERROR;
				CLANG_WARN_DOCUMENTATION_COMMENTS = YES;
				CLANG_WARN_EMPTY_BODY = YES;
				CLANG_WARN_ENUM_CONVERSION = YES;
				CLANG_WARN_INFINITE_RECURSION = YES;
				CLANG_WARN_INT_CONVERSION = YES;
				CLANG_WARN_OBJC_ROOT_CLASS = YES_ERROR;
				CLANG_WARN_SUSPICIOUS_MOVE = YES;
				CLANG_WARN_UNREACHABLE_CODE = YES;
				CLANG_WARN__DUPLICATE_METHOD_MATCH = YES;
				CODE_SIGN_IDENTITY = "-";
				COPY_PHASE_STRIP = NO;
				DEBUG_INFORMATION_FORMAT = dwarf;
				ENABLE_STRICT_OBJC_MSGSEND = YES;
				ENABLE_TESTABILITY = YES;
				GCC_C_LANGUAGE_STANDARD = gnu99;
				GCC_DYNAMIC_NO_PIC = NO;
				GCC_NO_COMMON_BLOCKS = YES;
				GCC_OPTIMIZATION_LEVEL = 0;
				GCC_PREPROCESSOR_DEFINITIONS = (
					"DEBUG=1",
					"$(inherited)",
				);
				GCC_WARN_64_TO_32_BIT_CONVERSION = YES;
				GCC_WARN_ABOUT_RETURN_TYPE = YES_ERROR;
				GCC_WARN_UNDECLARED_SELECTOR = YES;
				GCC_WARN_UNINITIALIZED_AUTOS = YES_AGGRESSIVE;
				GCC_WARN_UNUSED_FUNCTION = YES;
				GCC_WARN_UNUSED_VARIABLE = YES;
				MACOSX_DEPLOYMENT_TARGET = 10.12;
				MTL_ENABLE_DEBUG_INFO = YES;
				ONLY_ACTIVE_ARCH = YES;
				SDKROOT = macosx;
			};
			name = Debug;
		};
		BFCF10311E4B3A2E005555F9 /* Release */ = {
			isa = XCBuildConfiguration;
			buildSettings = {
				ALWAYS_SEARCH_USER_PATHS = NO;
				CLANG_ANALYZER_NONNULL = YES;
				CLANG_CXX_LANGUAGE_STANDARD = "gnu++0x";
				CLANG_CXX_LIBRARY = "libc++";
				CLANG_ENABLE_MODULES = YES;
				CLANG_ENABLE_OBJC_ARC = YES;
				CLANG_WARN_BOOL_CONVERSION = YES;
				CLANG_WARN_CONSTANT_CONVERSION = YES;
				CLANG_WARN_DIRECT_OBJC_ISA_USAGE = YES_ERROR;
				CLANG_WARN_DOCUMENTATION_COMMENTS = YES;
				CLANG_WARN_EMPTY_BODY = YES;
				CLANG_WARN_ENUM_CONVERSION = YES;
				CLANG_WARN_INFINITE_RECURSION = YES;
				CLANG_WARN_INT_CONVERSION = YES;
				CLANG_WARN_OBJC_ROOT_CLASS = YES_ERROR;
				CLANG_WARN_SUSPICIOUS_MOVE = YES;
				CLANG_WARN_UNREACHABLE_CODE = YES;
				CLANG_WARN__DUPLICATE_METHOD_MATCH = YES;
				CODE_SIGN_IDENTITY = "-";
				COPY_PHASE_STRIP = NO;
				DEBUG_INFORMATION_FORMAT = "dwarf-with-dsym";
				ENABLE_NS_ASSERTIONS = NO;
				ENABLE_STRICT_OBJC_MSGSEND = YES;
				GCC_C_LANGUAGE_STANDARD = gnu99;
				GCC_NO_COMMON_BLOCKS = YES;
				GCC_WARN_64_TO_32_BIT_CONVERSION = YES;
				GCC_WARN_ABOUT_RETURN_TYPE = YES_ERROR;
				GCC_WARN_UNDECLARED_SELECTOR = YES;
				GCC_WARN_UNINITIALIZED_AUTOS = YES_AGGRESSIVE;
				GCC_WARN_UNUSED_FUNCTION = YES;
				GCC_WARN_UNUSED_VARIABLE = YES;
				MACOSX_DEPLOYMENT_TARGET = 10.12;
				MTL_ENABLE_DEBUG_INFO = NO;
				SDKROOT = macosx;
			};
			name = Release;
		};
		BFCF10331E4B3A2E005555F9 /* Debug */ = {
			isa = XCBuildConfiguration;
			baseConfigurationReference = ACFD4836EAAC549105506562 /* Pods-Yamaha RX-Controller for MAC.debug.xcconfig */;
			buildSettings = {
				ASSETCATALOG_COMPILER_APPICON_NAME = AppIcon;
				CODE_SIGN_ENTITLEMENTS = "Yamaha RX-Controller for MAC/Yamaha RX-Controller for MAC.entitlements";
				CODE_SIGN_IDENTITY = "Mac Developer";
				COMBINE_HIDPI_IMAGES = YES;
				DEVELOPMENT_TEAM = N2F7XG7N58;
				INFOPLIST_FILE = "Yamaha RX-Controller for MAC/Info.plist";
				LD_RUNPATH_SEARCH_PATHS = "$(inherited) @executable_path/../Frameworks";
				PRODUCT_BUNDLE_IDENTIFIER = "hiimzvaehn.de.Yamaha-RX-Controller-for-MAC";
				PRODUCT_NAME = "$(TARGET_NAME)";
			};
			name = Debug;
		};
		BFCF10341E4B3A2E005555F9 /* Release */ = {
			isa = XCBuildConfiguration;
			baseConfigurationReference = DBE17B88F96579F31D92B07D /* Pods-Yamaha RX-Controller for MAC.release.xcconfig */;
			buildSettings = {
				ASSETCATALOG_COMPILER_APPICON_NAME = AppIcon;
				CODE_SIGN_ENTITLEMENTS = "Yamaha RX-Controller for MAC/Yamaha RX-Controller for MAC.entitlements";
				CODE_SIGN_IDENTITY = "Mac Developer";
				COMBINE_HIDPI_IMAGES = YES;
				DEVELOPMENT_TEAM = N2F7XG7N58;
				INFOPLIST_FILE = "Yamaha RX-Controller for MAC/Info.plist";
				LD_RUNPATH_SEARCH_PATHS = "$(inherited) @executable_path/../Frameworks";
				PRODUCT_BUNDLE_IDENTIFIER = "hiimzvaehn.de.Yamaha-RX-Controller-for-MAC";
				PRODUCT_NAME = "$(TARGET_NAME)";
			};
			name = Release;
		};
/* End XCBuildConfiguration section */

/* Begin XCConfigurationList section */
		BFCF10191E4B3A2D005555F9 /* Build configuration list for PBXProject "Yamaha RX-Controller for MAC" */ = {
			isa = XCConfigurationList;
			buildConfigurations = (
				BFCF10301E4B3A2E005555F9 /* Debug */,
				BFCF10311E4B3A2E005555F9 /* Release */,
			);
			defaultConfigurationIsVisible = 0;
			defaultConfigurationName = Release;
		};
		BFCF10321E4B3A2E005555F9 /* Build configuration list for PBXNativeTarget "Yamaha RX-Controller for MAC" */ = {
			isa = XCConfigurationList;
			buildConfigurations = (
				BFCF10331E4B3A2E005555F9 /* Debug */,
				BFCF10341E4B3A2E005555F9 /* Release */,
			);
			defaultConfigurationIsVisible = 0;
			defaultConfigurationName = Release;
		};
/* End XCConfigurationList section */
	};
	rootObject = BFCF10161E4B3A2D005555F9 /* Project object */;
}
